
Microsoft Visual Studio Solution File, Format Version 12.00
# Visual Studio 15
VisualStudioVersion = 15.0.28010.2046
MinimumVisualStudioVersion = 10.0.40219.1
Project("{FAE04EC0-301F-11D3-BF4B-00C04F79EFBC}") = "Cuentas", "Cuentas\Cuentas.csproj", "{CE45BD60-915F-43CF-A525-D0D664D9E75F}"
EndProject
Global
	GlobalSection(SolutionConfigurationPlatforms) = preSolution
		Debug|Any CPU = Debug|Any CPU
		Release|Any CPU = Release|Any CPU
	EndGlobalSection
	GlobalSection(ProjectConfigurationPlatforms) = postSolution
		{CE45BD60-915F-43CF-A525-D0D664D9E75F}.Debug|Any CPU.ActiveCfg = Debug|Any CPU
		{CE45BD60-915F-43CF-A525-D0D664D9E75F}.Debug|Any CPU.Build.0 = Debug|Any CPU
		{CE45BD60-915F-43CF-A525-D0D664D9E75F}.Release|Any CPU.ActiveCfg = Release|Any CPU
		{CE45BD60-915F-43CF-A525-D0D664D9E75F}.Release|Any CPU.Build.0 = Release|Any CPU
	EndGlobalSection
	GlobalSection(SolutionProperties) = preSolution
		HideSolutionNode = FALSE
	EndGlobalSection
	GlobalSection(ExtensibilityGlobals) = postSolution
		SolutionGuid = {FF13C39E-5ACB-4796-A2AA-EEC24FD63F54}
	EndGlobalSection
EndGlobal
